{
  "name": "AdvancedComputerGraphics",
  "lockfileVersion": 3,
  "requires": true,
  "packages": {
    "": {
      "dependencies": {
        "svd-js": "^1.1.1",
        "three": "^0.157.0"
      }
    },
    "node_modules/svd-js": {
      "version": "1.1.1",
      "resolved": "https://registry.npmjs.org/svd-js/-/svd-js-1.1.1.tgz",
      "integrity": "sha512-3Mpd08lu7HPD/aDMnHvhLBKHLdoUv+w9411ZLGjZYIR51e05CFNAY+MYMXLs7leo6jljZ8PGkoCSI1I4lF1Z4Q=="
    },
    "node_modules/three": {
      "version": "0.157.0",
      "resolved": "https://registry.npmjs.org/three/-/three-0.157.0.tgz",
      "integrity": "sha512-CeAwQrf4x3z0/e+MC4F+nXLW5t0gh3pw+L6CCBqpHvOq3bGYIgRYub7Pv0j/9wR+d++OiEglyZzWyuSYbwWGOA=="
    }
  }
}
